
Microsoft Visual Studio Solution File, Format Version 12.00
# Visual Studio Version 16
VisualStudioVersion = 16.0.29806.167
MinimumVisualStudioVersion = 10.0.40219.1
Project("{FAE04EC0-301F-11D3-BF4B-00C04F79EFBC}") = "FoodOrderingWebApp", "FoodOrderingWebApp\FoodOrderingWebApp.csproj", "{A755D6F5-2D2E-41A2-BB15-6F1954E6DEAF}"
EndProject
Global
	GlobalSection(SolutionConfigurationPlatforms) = preSolution
		Debug|Any CPU = Debug|Any CPU
		Release|Any CPU = Release|Any CPU
	EndGlobalSection
	GlobalSection(ProjectConfigurationPlatforms) = postSolution
		{A755D6F5-2D2E-41A2-BB15-6F1954E6DEAF}.Debug|Any CPU.ActiveCfg = Debug|Any CPU
		{A755D6F5-2D2E-41A2-BB15-6F1954E6DEAF}.Debug|Any CPU.Build.0 = Debug|Any CPU
		{A755D6F5-2D2E-41A2-BB15-6F1954E6DEAF}.Release|Any CPU.ActiveCfg = Release|Any CPU
		{A755D6F5-2D2E-41A2-BB15-6F1954E6DEAF}.Release|Any CPU.Build.0 = Release|Any CPU
	EndGlobalSection
	GlobalSection(SolutionProperties) = preSolution
		HideSolutionNode = FALSE
	EndGlobalSection
	GlobalSection(ExtensibilityGlobals) = postSolution
		SolutionGuid = {0A580C17-70DA-4DF7-99A1-FC0194D56DDA}
	EndGlobalSection
EndGlobal
